// !$*UTF8*$!
{
	archiveVersion = 1;
	classes = {
	};
	objectVersion = 77;
	objects = {

/* Begin PBXBuildFile section */
		224BC4FA21277535DC223E6C /* SimulationView.swift in Sources */ = {isa = PBXBuildFile; fileRef = BFBF02A021672920709D3234 /* SimulationView.swift */; };
		314688CF6C784D29C5BD57EB /* AppViewModel.swift in Sources */ = {isa = PBXBuildFile; fileRef = 1BA31CF9F63DFC5700AE5761 /* AppViewModel.swift */; };
		34A7EE08062E719FD7E4DA1A /* GameProgressService.swift in Sources */ = {isa = PBXBuildFile; fileRef = FF9513FA53EFE8C237792807 /* GameProgressService.swift */; };
		38BF5E11C5E5562E494E944E /* ContentView.swift in Sources */ = {isa = PBXBuildFile; fileRef = 2438DEBC10968E2619F530BD /* ContentView.swift */; };
		3A5DC52A029A788571C43CD4 /* PhaseCompletionData.swift in Sources */ = {isa = PBXBuildFile; fileRef = 5D4301A417A3AB789921FC25 /* PhaseCompletionData.swift */; };
		4428AB4451730E1044C43132 /* StageViewModelTests.swift in Sources */ = {isa = PBXBuildFile; fileRef = D1F4575D4835D7ED9520F5AD /* StageViewModelTests.swift */; };
		52A4537873AD764F89F52D2A /* StageBriefingView.swift in Sources */ = {isa = PBXBuildFile; fileRef = 1DD1A136807D937A59E31294 /* StageBriefingView.swift */; };
		5CB300BC907B64637C725D04 /* GameProgressServiceTests.swift in Sources */ = {isa = PBXBuildFile; fileRef = AC299FF9C333F56A42FA509D /* GameProgressServiceTests.swift */; };
		5D48F79AF30496C5E767FF62 /* MarketSimulationEngineTests.swift in Sources */ = {isa = PBXBuildFile; fileRef = 6830E433BA9B3325B227DE6B /* MarketSimulationEngineTests.swift */; };
		67316289E45B710A3BC5930B /* InvestQuestApp.swift in Sources */ = {isa = PBXBuildFile; fileRef = 2E41074C5475D7E80A84DBFB /* InvestQuestApp.swift */; };
		6F69DA5B52814DF4CBFB2F29 /* PhaseSummaryView.swift in Sources */ = {isa = PBXBuildFile; fileRef = 0C45B90F4AFB67F30229B171 /* PhaseSummaryView.swift */; };
		78F737AB5980F326CC673591 /* DecisionView.swift in Sources */ = {isa = PBXBuildFile; fileRef = 6C1FA13ACA47CBE9D0B35578 /* DecisionView.swift */; };
		7AA9DBD941FF6896BC15654F /* ResultView.swift in Sources */ = {isa = PBXBuildFile; fileRef = 53BA631A33E3C3F9432C2E2A /* ResultView.swift */; };
		806E12EAB7CABB2BCBAC0E37 /* PhaseCompletionTests.swift in Sources */ = {isa = PBXBuildFile; fileRef = B687FE67B43DED01E10F3FCC /* PhaseCompletionTests.swift */; };
		A6FFA3F915A0103EBF53E24E /* SimulationProtocol.swift in Sources */ = {isa = PBXBuildFile; fileRef = 7365AD069F957FD7EEAF3F49 /* SimulationProtocol.swift */; };
		A84C8591D0AD3DA988122FBB /* GameProgress.swift in Sources */ = {isa = PBXBuildFile; fileRef = F0DBCB1B62809D55B5CCC1B5 /* GameProgress.swift */; };
		B8AD709AA3A4FB6B8DF83CC1 /* MarketSimulationEngine.swift in Sources */ = {isa = PBXBuildFile; fileRef = 71B110767F06DC83A48F3289 /* MarketSimulationEngine.swift */; };
		B96BDFD692C645FDEF77C79F /* StageDefinition.swift in Sources */ = {isa = PBXBuildFile; fileRef = BD226795679122833F2F1F20 /* StageDefinition.swift */; };
		C49DBCA82E6988FFC0790054 /* FirstTimeUserExperienceTests.swift in Sources */ = {isa = PBXBuildFile; fileRef = E7DF00E7F9A9E61DA0026EFA /* FirstTimeUserExperienceTests.swift */; };
		C6096FB41F0397735B2FAAB6 /* PhaseConfig.swift in Sources */ = {isa = PBXBuildFile; fileRef = E95D72095D9E91E5F6621B62 /* PhaseConfig.swift */; };
		CDD23A4A65AF1B597FD0EE73 /* InsightCardView.swift in Sources */ = {isa = PBXBuildFile; fileRef = 022352584450697B8CD24DF3 /* InsightCardView.swift */; };
		CF84C48CC9A7C37B2A15E0DE /* PhaseCompletionViewModel.swift in Sources */ = {isa = PBXBuildFile; fileRef = 49CFF01300CFBBBD567020B8 /* PhaseCompletionViewModel.swift */; };
		D37E71570EE5E32DC27971A6 /* PhaseMapView.swift in Sources */ = {isa = PBXBuildFile; fileRef = E1F3620ECD4A5F6D9C176245 /* PhaseMapView.swift */; };
		D691094A7EB29118139F50B6 /* StageViewModel.swift in Sources */ = {isa = PBXBuildFile; fileRef = D6C48D98A895E1A21A479136 /* StageViewModel.swift */; };
		E7983C08F2611C36B242AF82 /* IntroAnimationView.swift in Sources */ = {isa = PBXBuildFile; fileRef = F5F209B97F2868A6B82C143B /* IntroAnimationView.swift */; };
/* End PBXBuildFile section */

/* Begin PBXContainerItemProxy section */
		758D58FEE9D07642D7AC92D2 /* PBXContainerItemProxy */ = {
			isa = PBXContainerItemProxy;
			containerPortal = 3933493969A9F9D519A13336 /* Project object */;
			proxyType = 1;
			remoteGlobalIDString = 4C8BE9DF7A2137BB0F564E7E;
			remoteInfo = InvestQuest;
		};
/* End PBXContainerItemProxy section */

/* Begin PBXFileReference section */
		00D14803D69F70C54BDBB2C1 /* InvestQuest.app */ = {isa = PBXFileReference; includeInIndex = 0; lastKnownFileType = wrapper.application; path = InvestQuest.app; sourceTree = BUILT_PRODUCTS_DIR; };
		022352584450697B8CD24DF3 /* InsightCardView.swift */ = {isa = PBXFileReference; lastKnownFileType = sourcecode.swift; path = InsightCardView.swift; sourceTree = "<group>"; };
		06F00A5CE37F9A6E26A6B4FC /* InvestQuestTests.xctest */ = {isa = PBXFileReference; includeInIndex = 0; lastKnownFileType = wrapper.cfbundle; path = InvestQuestTests.xctest; sourceTree = BUILT_PRODUCTS_DIR; };
		0C45B90F4AFB67F30229B171 /* PhaseSummaryView.swift */ = {isa = PBXFileReference; lastKnownFileType = sourcecode.swift; path = PhaseSummaryView.swift; sourceTree = "<group>"; };
		1BA31CF9F63DFC5700AE5761 /* AppViewModel.swift */ = {isa = PBXFileReference; lastKnownFileType = sourcecode.swift; path = AppViewModel.swift; sourceTree = "<group>"; };
		1DD1A136807D937A59E31294 /* StageBriefingView.swift */ = {isa = PBXFileReference; lastKnownFileType = sourcecode.swift; path = StageBriefingView.swift; sourceTree = "<group>"; };
		2438DEBC10968E2619F530BD /* ContentView.swift */ = {isa = PBXFileReference; lastKnownFileType = sourcecode.swift; path = ContentView.swift; sourceTree = "<group>"; };
		2E41074C5475D7E80A84DBFB /* InvestQuestApp.swift */ = {isa = PBXFileReference; lastKnownFileType = sourcecode.swift; path = InvestQuestApp.swift; sourceTree = "<group>"; };
		49CFF01300CFBBBD567020B8 /* PhaseCompletionViewModel.swift */ = {isa = PBXFileReference; lastKnownFileType = sourcecode.swift; path = PhaseCompletionViewModel.swift; sourceTree = "<group>"; };
		52C94E1806F1869D6D62CE96 /* Info.plist */ = {isa = PBXFileReference; lastKnownFileType = text.plist; path = Info.plist; sourceTree = "<group>"; };
		53BA631A33E3C3F9432C2E2A /* ResultView.swift */ = {isa = PBXFileReference; lastKnownFileType = sourcecode.swift; path = ResultView.swift; sourceTree = "<group>"; };
		5D4301A417A3AB789921FC25 /* PhaseCompletionData.swift */ = {isa = PBXFileReference; lastKnownFileType = sourcecode.swift; path = PhaseCompletionData.swift; sourceTree = "<group>"; };
		6830E433BA9B3325B227DE6B /* MarketSimulationEngineTests.swift */ = {isa = PBXFileReference; lastKnownFileType = sourcecode.swift; path = MarketSimulationEngineTests.swift; sourceTree = "<group>"; };
		6C1FA13ACA47CBE9D0B35578 /* DecisionView.swift */ = {isa = PBXFileReference; lastKnownFileType = sourcecode.swift; path = DecisionView.swift; sourceTree = "<group>"; };
		71B110767F06DC83A48F3289 /* MarketSimulationEngine.swift */ = {isa = PBXFileReference; lastKnownFileType = sourcecode.swift; path = MarketSimulationEngine.swift; sourceTree = "<group>"; };
		7365AD069F957FD7EEAF3F49 /* SimulationProtocol.swift */ = {isa = PBXFileReference; lastKnownFileType = sourcecode.swift; path = SimulationProtocol.swift; sourceTree = "<group>"; };
		AC299FF9C333F56A42FA509D /* GameProgressServiceTests.swift */ = {isa = PBXFileReference; lastKnownFileType = sourcecode.swift; path = GameProgressServiceTests.swift; sourceTree = "<group>"; };
		B687FE67B43DED01E10F3FCC /* PhaseCompletionTests.swift */ = {isa = PBXFileReference; lastKnownFileType = sourcecode.swift; path = PhaseCompletionTests.swift; sourceTree = "<group>"; };
		BD226795679122833F2F1F20 /* StageDefinition.swift */ = {isa = PBXFileReference; lastKnownFileType = sourcecode.swift; path = StageDefinition.swift; sourceTree = "<group>"; };
		BFBF02A021672920709D3234 /* SimulationView.swift */ = {isa = PBXFileReference; lastKnownFileType = sourcecode.swift; path = SimulationView.swift; sourceTree = "<group>"; };
		D1F4575D4835D7ED9520F5AD /* StageViewModelTests.swift */ = {isa = PBXFileReference; lastKnownFileType = sourcecode.swift; path = StageViewModelTests.swift; sourceTree = "<group>"; };
		D6C48D98A895E1A21A479136 /* StageViewModel.swift */ = {isa = PBXFileReference; lastKnownFileType = sourcecode.swift; path = StageViewModel.swift; sourceTree = "<group>"; };
		E1F3620ECD4A5F6D9C176245 /* PhaseMapView.swift */ = {isa = PBXFileReference; lastKnownFileType = sourcecode.swift; path = PhaseMapView.swift; sourceTree = "<group>"; };
		E7DF00E7F9A9E61DA0026EFA /* FirstTimeUserExperienceTests.swift */ = {isa = PBXFileReference; lastKnownFileType = sourcecode.swift; path = FirstTimeUserExperienceTests.swift; sourceTree = "<group>"; };
		E95D72095D9E91E5F6621B62 /* PhaseConfig.swift */ = {isa = PBXFileReference; lastKnownFileType = sourcecode.swift; path = PhaseConfig.swift; sourceTree = "<group>"; };
		F0DBCB1B62809D55B5CCC1B5 /* GameProgress.swift */ = {isa = PBXFileReference; lastKnownFileType = sourcecode.swift; path = GameProgress.swift; sourceTree = "<group>"; };
		F5F209B97F2868A6B82C143B /* IntroAnimationView.swift */ = {isa = PBXFileReference; lastKnownFileType = sourcecode.swift; path = IntroAnimationView.swift; sourceTree = "<group>"; };
		FF9513FA53EFE8C237792807 /* GameProgressService.swift */ = {isa = PBXFileReference; lastKnownFileType = sourcecode.swift; path = GameProgressService.swift; sourceTree = "<group>"; };
/* End PBXFileReference section */

/* Begin PBXGroup section */
		13DD13570509D822B960B0A4 /* Tests */ = {
			isa = PBXGroup;
			children = (
				6207C63A33105FA1A57FB39C /* InvestQuestTests */,
			);
			path = Tests;
			sourceTree = "<group>";
		};
		2AFE6166BEA364A9792C505C /* Products */ = {
			isa = PBXGroup;
			children = (
				00D14803D69F70C54BDBB2C1 /* InvestQuest.app */,
				06F00A5CE37F9A6E26A6B4FC /* InvestQuestTests.xctest */,
			);
			name = Products;
			sourceTree = "<group>";
		};
		52493EAEDE7BE9F67FCDE028 /* Models */ = {
			isa = PBXGroup;
			children = (
				F0DBCB1B62809D55B5CCC1B5 /* GameProgress.swift */,
				5D4301A417A3AB789921FC25 /* PhaseCompletionData.swift */,
				E95D72095D9E91E5F6621B62 /* PhaseConfig.swift */,
				BD226795679122833F2F1F20 /* StageDefinition.swift */,
			);
			path = Models;
			sourceTree = "<group>";
		};
		5E1AE255B40E66F03DB35EE6 = {
			isa = PBXGroup;
			children = (
				B9E96979564C7F7B5D901055 /* Sources */,
				13DD13570509D822B960B0A4 /* Tests */,
				2AFE6166BEA364A9792C505C /* Products */,
			);
			sourceTree = "<group>";
		};
		6207C63A33105FA1A57FB39C /* InvestQuestTests */ = {
			isa = PBXGroup;
			children = (
				E7DF00E7F9A9E61DA0026EFA /* FirstTimeUserExperienceTests.swift */,
				AC299FF9C333F56A42FA509D /* GameProgressServiceTests.swift */,
				6830E433BA9B3325B227DE6B /* MarketSimulationEngineTests.swift */,
				B687FE67B43DED01E10F3FCC /* PhaseCompletionTests.swift */,
				D1F4575D4835D7ED9520F5AD /* StageViewModelTests.swift */,
			);
			path = InvestQuestTests;
			sourceTree = "<group>";
		};
		63096E19CFAA9DFAF5AD4BEC /* InvestQuest */ = {
			isa = PBXGroup;
			children = (
				D38BA68EA138B3F77B636FDE /* App */,
				BFA3592933A955A6B482D21D /* Engine */,
				52493EAEDE7BE9F67FCDE028 /* Models */,
				6D9EC133796D89F5A5FD1116 /* Progression */,
				90F1A7867615D264A8328440 /* ViewModels */,
				7A9483DA8EFB2907C33D476C /* Views */,
			);
			path = InvestQuest;
			sourceTree = "<group>";
		};
		6D9EC133796D89F5A5FD1116 /* Progression */ = {
			isa = PBXGroup;
			children = (
				FF9513FA53EFE8C237792807 /* GameProgressService.swift */,
			);
			path = Progression;
			sourceTree = "<group>";
		};
		7A9483DA8EFB2907C33D476C /* Views */ = {
			isa = PBXGroup;
			children = (
				E1F3620ECD4A5F6D9C176245 /* PhaseMapView.swift */,
				0C45B90F4AFB67F30229B171 /* PhaseSummaryView.swift */,
				92EDA0AFE816E57806CDC6B7 /* Gameplay */,
				F458FD30C9D41306BBA1FB46 /* Onboarding */,
			);
			path = Views;
			sourceTree = "<group>";
		};
		90F1A7867615D264A8328440 /* ViewModels */ = {
			isa = PBXGroup;
			children = (
				1BA31CF9F63DFC5700AE5761 /* AppViewModel.swift */,
				49CFF01300CFBBBD567020B8 /* PhaseCompletionViewModel.swift */,
				D6C48D98A895E1A21A479136 /* StageViewModel.swift */,
			);
			path = ViewModels;
			sourceTree = "<group>";
		};
		92EDA0AFE816E57806CDC6B7 /* Gameplay */ = {
			isa = PBXGroup;
			children = (
				6C1FA13ACA47CBE9D0B35578 /* DecisionView.swift */,
				022352584450697B8CD24DF3 /* InsightCardView.swift */,
				53BA631A33E3C3F9432C2E2A /* ResultView.swift */,
				BFBF02A021672920709D3234 /* SimulationView.swift */,
				1DD1A136807D937A59E31294 /* StageBriefingView.swift */,
			);
			path = Gameplay;
			sourceTree = "<group>";
		};
		B9E96979564C7F7B5D901055 /* Sources */ = {
			isa = PBXGroup;
			children = (
				63096E19CFAA9DFAF5AD4BEC /* InvestQuest */,
			);
			path = Sources;
			sourceTree = "<group>";
		};
		BFA3592933A955A6B482D21D /* Engine */ = {
			isa = PBXGroup;
			children = (
				71B110767F06DC83A48F3289 /* MarketSimulationEngine.swift */,
				7365AD069F957FD7EEAF3F49 /* SimulationProtocol.swift */,
			);
			path = Engine;
			sourceTree = "<group>";
		};
		D38BA68EA138B3F77B636FDE /* App */ = {
			isa = PBXGroup;
			children = (
				2438DEBC10968E2619F530BD /* ContentView.swift */,
				52C94E1806F1869D6D62CE96 /* Info.plist */,
				2E41074C5475D7E80A84DBFB /* InvestQuestApp.swift */,
			);
			path = App;
			sourceTree = "<group>";
		};
		F458FD30C9D41306BBA1FB46 /* Onboarding */ = {
			isa = PBXGroup;
			children = (
				F5F209B97F2868A6B82C143B /* IntroAnimationView.swift */,
			);
			path = Onboarding;
			sourceTree = "<group>";
		};
/* End PBXGroup section */

/* Begin PBXNativeTarget section */
		4C8BE9DF7A2137BB0F564E7E /* InvestQuest */ = {
			isa = PBXNativeTarget;
			buildConfigurationList = D5CD33B673BE2E93A29BE0D0 /* Build configuration list for PBXNativeTarget "InvestQuest" */;
			buildPhases = (
				E823897E24280299457D248D /* Sources */,
			);
			buildRules = (
			);
			dependencies = (
			);
			name = InvestQuest;
			packageProductDependencies = (
			);
			productName = InvestQuest;
			productReference = 00D14803D69F70C54BDBB2C1 /* InvestQuest.app */;
			productType = "com.apple.product-type.application";
		};
		5323E6F482C2B24462CDBD82 /* InvestQuestTests */ = {
			isa = PBXNativeTarget;
			buildConfigurationList = 8A544D39606395AA73FFB572 /* Build configuration list for PBXNativeTarget "InvestQuestTests" */;
			buildPhases = (
				B9D3AD96F5D7EEFD482FDE83 /* Sources */,
			);
			buildRules = (
			);
			dependencies = (
				CDFC77251A12EEF3D13CAAE1 /* PBXTargetDependency */,
			);
			name = InvestQuestTests;
			packageProductDependencies = (
			);
			productName = InvestQuestTests;
			productReference = 06F00A5CE37F9A6E26A6B4FC /* InvestQuestTests.xctest */;
			productType = "com.apple.product-type.bundle.unit-test";
		};
/* End PBXNativeTarget section */

/* Begin PBXProject section */
		3933493969A9F9D519A13336 /* Project object */ = {
			isa = PBXProject;
			attributes = {
				BuildIndependentTargetsInParallel = YES;
				LastUpgradeCheck = 1600;
				TargetAttributes = {
					4C8BE9DF7A2137BB0F564E7E = {
						DevelopmentTeam = "";
						ProvisioningStyle = Automatic;
					};
				};
			};
			buildConfigurationList = EF9C7F881AD7F67231D4DD55 /* Build configuration list for PBXProject "InvestQuest" */;
			developmentRegion = en;
			hasScannedForEncodings = 0;
			knownRegions = (
				Base,
				en,
			);
			mainGroup = 5E1AE255B40E66F03DB35EE6;
			minimizedProjectReferenceProxies = 1;
			preferredProjectObjectVersion = 77;
			productRefGroup = 2AFE6166BEA364A9792C505C /* Products */;
			projectDirPath = "";
			projectRoot = "";
			targets = (
				4C8BE9DF7A2137BB0F564E7E /* InvestQuest */,
				5323E6F482C2B24462CDBD82 /* InvestQuestTests */,
			);
		};
/* End PBXProject section */

/* Begin PBXSourcesBuildPhase section */
		B9D3AD96F5D7EEFD482FDE83 /* Sources */ = {
			isa = PBXSourcesBuildPhase;
			buildActionMask = 2147483647;
			files = (
				C49DBCA82E6988FFC0790054 /* FirstTimeUserExperienceTests.swift in Sources */,
				5CB300BC907B64637C725D04 /* GameProgressServiceTests.swift in Sources */,
				5D48F79AF30496C5E767FF62 /* MarketSimulationEngineTests.swift in Sources */,
				806E12EAB7CABB2BCBAC0E37 /* PhaseCompletionTests.swift in Sources */,
				4428AB4451730E1044C43132 /* StageViewModelTests.swift in Sources */,
			);
			runOnlyForDeploymentPostprocessing = 0;
		};
		E823897E24280299457D248D /* Sources */ = {
			isa = PBXSourcesBuildPhase;
			buildActionMask = 2147483647;
			files = (
				314688CF6C784D29C5BD57EB /* AppViewModel.swift in Sources */,
				38BF5E11C5E5562E494E944E /* ContentView.swift in Sources */,
				78F737AB5980F326CC673591 /* DecisionView.swift in Sources */,
				A84C8591D0AD3DA988122FBB /* GameProgress.swift in Sources */,
				34A7EE08062E719FD7E4DA1A /* GameProgressService.swift in Sources */,
				CDD23A4A65AF1B597FD0EE73 /* InsightCardView.swift in Sources */,
				E7983C08F2611C36B242AF82 /* IntroAnimationView.swift in Sources */,
				67316289E45B710A3BC5930B /* InvestQuestApp.swift in Sources */,
				B8AD709AA3A4FB6B8DF83CC1 /* MarketSimulationEngine.swift in Sources */,
				3A5DC52A029A788571C43CD4 /* PhaseCompletionData.swift in Sources */,
				CF84C48CC9A7C37B2A15E0DE /* PhaseCompletionViewModel.swift in Sources */,
				C6096FB41F0397735B2FAAB6 /* PhaseConfig.swift in Sources */,
				D37E71570EE5E32DC27971A6 /* PhaseMapView.swift in Sources */,
				6F69DA5B52814DF4CBFB2F29 /* PhaseSummaryView.swift in Sources */,
				7AA9DBD941FF6896BC15654F /* ResultView.swift in Sources */,
				A6FFA3F915A0103EBF53E24E /* SimulationProtocol.swift in Sources */,
				224BC4FA21277535DC223E6C /* SimulationView.swift in Sources */,
				52A4537873AD764F89F52D2A /* StageBriefingView.swift in Sources */,
				B96BDFD692C645FDEF77C79F /* StageDefinition.swift in Sources */,
				D691094A7EB29118139F50B6 /* StageViewModel.swift in Sources */,
			);
			runOnlyForDeploymentPostprocessing = 0;
		};
/* End PBXSourcesBuildPhase section */

/* Begin PBXTargetDependency section */
		CDFC77251A12EEF3D13CAAE1 /* PBXTargetDependency */ = {
			isa = PBXTargetDependency;
			target = 4C8BE9DF7A2137BB0F564E7E /* InvestQuest */;
			targetProxy = 758D58FEE9D07642D7AC92D2 /* PBXContainerItemProxy */;
		};
/* End PBXTargetDependency section */

/* Begin XCBuildConfiguration section */
		0EAF66F2A82372A5C16951A2 /* Release */ = {
			isa = XCBuildConfiguration;
			buildSettings = {
				ALWAYS_SEARCH_USER_PATHS = NO;
				CLANG_ANALYZER_NONNULL = YES;
				CLANG_ANALYZER_NUMBER_OBJECT_CONVERSION = YES_AGGRESSIVE;
				CLANG_CXX_LANGUAGE_STANDARD = "gnu++14";
				CLANG_CXX_LIBRARY = "libc++";
				CLANG_ENABLE_MODULES = YES;
				CLANG_ENABLE_OBJC_ARC = YES;
				CLANG_ENABLE_OBJC_WEAK = YES;
				CLANG_WARN_BLOCK_CAPTURE_AUTORELEASING = YES;
				CLANG_WARN_BOOL_CONVERSION = YES;
				CLANG_WARN_COMMA = YES;
				CLANG_WARN_CONSTANT_CONVERSION = YES;
				CLANG_WARN_DEPRECATED_OBJC_IMPLEMENTATIONS = YES;
				CLANG_WARN_DIRECT_OBJC_ISA_USAGE = YES_ERROR;
				CLANG_WARN_DOCUMENTATION_COMMENTS = YES;
				CLANG_WARN_EMPTY_BODY = YES;
				CLANG_WARN_ENUM_CONVERSION = YES;
				CLANG_WARN_INFINITE_RECURSION = YES;
				CLANG_WARN_INT_CONVERSION = YES;
				CLANG_WARN_NON_LITERAL_NULL_CONVERSION = YES;
				CLANG_WARN_OBJC_IMPLICIT_RETAIN_SELF = YES;
				CLANG_WARN_OBJC_LITERAL_CONVERSION = YES;
				CLANG_WARN_OBJC_ROOT_CLASS = YES_ERROR;
				CLANG_WARN_QUOTED_INCLUDE_IN_FRAMEWORK_HEADER = YES;
				CLANG_WARN_RANGE_LOOP_ANALYSIS = YES;
				CLANG_WARN_STRICT_PROTOTYPES = YES;
				CLANG_WARN_SUSPICIOUS_MOVE = YES;
				CLANG_WARN_UNGUARDED_AVAILABILITY = YES_AGGRESSIVE;
				CLANG_WARN_UNREACHABLE_CODE = YES;
				CLANG_WARN__DUPLICATE_METHOD_MATCH = YES;
				COPY_PHASE_STRIP = NO;
				DEBUG_INFORMATION_FORMAT = "dwarf-with-dsym";
				ENABLE_NS_ASSERTIONS = NO;
				ENABLE_STRICT_OBJC_MSGSEND = YES;
				GCC_C_LANGUAGE_STANDARD = gnu11;
				GCC_NO_COMMON_BLOCKS = YES;
				GCC_WARN_64_TO_32_BIT_CONVERSION = YES;
				GCC_WARN_ABOUT_RETURN_TYPE = YES_ERROR;
				GCC_WARN_UNDECLARED_SELECTOR = YES;
				GCC_WARN_UNINITIALIZED_AUTOS = YES_AGGRESSIVE;
				GCC_WARN_UNUSED_FUNCTION = YES;
				GCC_WARN_UNUSED_VARIABLE = YES;
				IPHONEOS_DEPLOYMENT_TARGET = 17.0;
				MTL_ENABLE_DEBUG_INFO = NO;
				MTL_FAST_MATH = YES;
				PRODUCT_NAME = "$(TARGET_NAME)";
				SDKROOT = iphoneos;
				SWIFT_COMPILATION_MODE = wholemodule;
				SWIFT_OPTIMIZATION_LEVEL = "-O";
				SWIFT_VERSION = 5.9;
			};
			name = Release;
		};
		15A91E70ABA7FD4138F8208E /* Debug */ = {
			isa = XCBuildConfiguration;
			buildSettings = {
				ASSETCATALOG_COMPILER_APPICON_NAME = AppIcon;
				CODE_SIGN_IDENTITY = "iPhone Developer";
				CODE_SIGN_STYLE = Automatic;
				DEVELOPMENT_TEAM = "";
				INFOPLIST_FILE = Sources/InvestQuest/App/Info.plist;
				IPHONEOS_DEPLOYMENT_TARGET = 17.0;
				LD_RUNPATH_SEARCH_PATHS = (
					"$(inherited)",
					"@executable_path/Frameworks",
				);
				PRODUCT_BUNDLE_IDENTIFIER = com.investquest.app;
				SDKROOT = iphoneos;
				SWIFT_VERSION = 5.9;
				TARGETED_DEVICE_FAMILY = "1,2";
			};
			name = Debug;
		};
		38738B52E14D1DD629E4FB8A /* Release */ = {
			isa = XCBuildConfiguration;
			buildSettings = {
				ASSETCATALOG_COMPILER_APPICON_NAME = AppIcon;
				CODE_SIGN_IDENTITY = "iPhone Developer";
				CODE_SIGN_STYLE = Automatic;
				DEVELOPMENT_TEAM = "";
				INFOPLIST_FILE = Sources/InvestQuest/App/Info.plist;
				IPHONEOS_DEPLOYMENT_TARGET = 17.0;
				LD_RUNPATH_SEARCH_PATHS = (
					"$(inherited)",
					"@executable_path/Frameworks",
				);
				PRODUCT_BUNDLE_IDENTIFIER = com.investquest.app;
				SDKROOT = iphoneos;
				SWIFT_VERSION = 5.9;
				TARGETED_DEVICE_FAMILY = "1,2";
			};
			name = Release;
		};
		732F40A21F1E75FC186E10C6 /* Debug */ = {
			isa = XCBuildConfiguration;
			buildSettings = {
				ALWAYS_SEARCH_USER_PATHS = NO;
				CLANG_ANALYZER_NONNULL = YES;
				CLANG_ANALYZER_NUMBER_OBJECT_CONVERSION = YES_AGGRESSIVE;
				CLANG_CXX_LANGUAGE_STANDARD = "gnu++14";
				CLANG_CXX_LIBRARY = "libc++";
				CLANG_ENABLE_MODULES = YES;
				CLANG_ENABLE_OBJC_ARC = YES;
				CLANG_ENABLE_OBJC_WEAK = YES;
				CLANG_WARN_BLOCK_CAPTURE_AUTORELEASING = YES;
				CLANG_WARN_BOOL_CONVERSION = YES;
				CLANG_WARN_COMMA = YES;
				CLANG_WARN_CONSTANT_CONVERSION = YES;
				CLANG_WARN_DEPRECATED_OBJC_IMPLEMENTATIONS = YES;
				CLANG_WARN_DIRECT_OBJC_ISA_USAGE = YES_ERROR;
				CLANG_WARN_DOCUMENTATION_COMMENTS = YES;
				CLANG_WARN_EMPTY_BODY = YES;
				CLANG_WARN_ENUM_CONVERSION = YES;
				CLANG_WARN_INFINITE_RECURSION = YES;
				CLANG_WARN_INT_CONVERSION = YES;
				CLANG_WARN_NON_LITERAL_NULL_CONVERSION = YES;
				CLANG_WARN_OBJC_IMPLICIT_RETAIN_SELF = YES;
				CLANG_WARN_OBJC_LITERAL_CONVERSION = YES;
				CLANG_WARN_OBJC_ROOT_CLASS = YES_ERROR;
				CLANG_WARN_QUOTED_INCLUDE_IN_FRAMEWORK_HEADER = YES;
				CLANG_WARN_RANGE_LOOP_ANALYSIS = YES;
				CLANG_WARN_STRICT_PROTOTYPES = YES;
				CLANG_WARN_SUSPICIOUS_MOVE = YES;
				CLANG_WARN_UNGUARDED_AVAILABILITY = YES_AGGRESSIVE;
				CLANG_WARN_UNREACHABLE_CODE = YES;
				CLANG_WARN__DUPLICATE_METHOD_MATCH = YES;
				COPY_PHASE_STRIP = NO;
				DEBUG_INFORMATION_FORMAT = dwarf;
				ENABLE_STRICT_OBJC_MSGSEND = YES;
				ENABLE_TESTABILITY = YES;
				GCC_C_LANGUAGE_STANDARD = gnu11;
				GCC_DYNAMIC_NO_PIC = NO;
				GCC_NO_COMMON_BLOCKS = YES;
				GCC_OPTIMIZATION_LEVEL = 0;
				GCC_PREPROCESSOR_DEFINITIONS = (
					"$(inherited)",
					"DEBUG=1",
				);
				GCC_WARN_64_TO_32_BIT_CONVERSION = YES;
				GCC_WARN_ABOUT_RETURN_TYPE = YES_ERROR;
				GCC_WARN_UNDECLARED_SELECTOR = YES;
				GCC_WARN_UNINITIALIZED_AUTOS = YES_AGGRESSIVE;
				GCC_WARN_UNUSED_FUNCTION = YES;
				GCC_WARN_UNUSED_VARIABLE = YES;
				IPHONEOS_DEPLOYMENT_TARGET = 17.0;
				MTL_ENABLE_DEBUG_INFO = INCLUDE_SOURCE;
				MTL_FAST_MATH = YES;
				ONLY_ACTIVE_ARCH = YES;
				PRODUCT_NAME = "$(TARGET_NAME)";
				SDKROOT = iphoneos;
				SWIFT_ACTIVE_COMPILATION_CONDITIONS = DEBUG;
				SWIFT_OPTIMIZATION_LEVEL = "-Onone";
				SWIFT_VERSION = 5.9;
			};
			name = Debug;
		};
		D5626CB72A3C00C9960E6E74 /* Debug */ = {
			isa = XCBuildConfiguration;
			buildSettings = {
				BUNDLE_LOADER = "$(TEST_HOST)";
				GENERATE_INFOPLIST_FILE = YES;
				IPHONEOS_DEPLOYMENT_TARGET = 17.0;
				LD_RUNPATH_SEARCH_PATHS = (
					"$(inherited)",
					"@executable_path/Frameworks",
					"@loader_path/Frameworks",
				);
				PRODUCT_BUNDLE_IDENTIFIER = com.investquest.tests;
				SDKROOT = iphoneos;
				SWIFT_VERSION = 5.9;
				TARGETED_DEVICE_FAMILY = "1,2";
				TEST_HOST = "$(BUILT_PRODUCTS_DIR)/InvestQuest.app/InvestQuest";
			};
			name = Debug;
		};
		DCDFB9144C043A9E9B02F0B3 /* Release */ = {
			isa = XCBuildConfiguration;
			buildSettings = {
				BUNDLE_LOADER = "$(TEST_HOST)";
				GENERATE_INFOPLIST_FILE = YES;
				IPHONEOS_DEPLOYMENT_TARGET = 17.0;
				LD_RUNPATH_SEARCH_PATHS = (
					"$(inherited)",
					"@executable_path/Frameworks",
					"@loader_path/Frameworks",
				);
				PRODUCT_BUNDLE_IDENTIFIER = com.investquest.tests;
				SDKROOT = iphoneos;
				SWIFT_VERSION = 5.9;
				TARGETED_DEVICE_FAMILY = "1,2";
				TEST_HOST = "$(BUILT_PRODUCTS_DIR)/InvestQuest.app/InvestQuest";
			};
			name = Release;
		};
/* End XCBuildConfiguration section */

/* Begin XCConfigurationList section */
		8A544D39606395AA73FFB572 /* Build configuration list for PBXNativeTarget "InvestQuestTests" */ = {
			isa = XCConfigurationList;
			buildConfigurations = (
				D5626CB72A3C00C9960E6E74 /* Debug */,
				DCDFB9144C043A9E9B02F0B3 /* Release */,
			);
			defaultConfigurationIsVisible = 0;
			defaultConfigurationName = Debug;
		};
		D5CD33B673BE2E93A29BE0D0 /* Build configuration list for PBXNativeTarget "InvestQuest" */ = {
			isa = XCConfigurationList;
			buildConfigurations = (
				15A91E70ABA7FD4138F8208E /* Debug */,
				38738B52E14D1DD629E4FB8A /* Release */,
			);
			defaultConfigurationIsVisible = 0;
			defaultConfigurationName = Debug;
		};
		EF9C7F881AD7F67231D4DD55 /* Build configuration list for PBXProject "InvestQuest" */ = {
			isa = XCConfigurationList;
			buildConfigurations = (
				732F40A21F1E75FC186E10C6 /* Debug */,
				0EAF66F2A82372A5C16951A2 /* Release */,
			);
			defaultConfigurationIsVisible = 0;
			defaultConfigurationName = Debug;
		};
/* End XCConfigurationList section */
	};
	rootObject = 3933493969A9F9D519A13336 /* Project object */;
}
